// !$*UTF8*$!
{
	archiveVersion = 1;
	classes = {
	};
	objectVersion = 56;
	objects = {

/* Begin PBXBuildFile section */
		94DFF4082ADDA51200B40EBA /* AppDelegate.swift in Sources */ = {isa = PBXBuildFile; fileRef = 94DFF4072ADDA51200B40EBA /* AppDelegate.swift */; };
		94DFF40A2ADDA51200B40EBA /* SceneDelegate.swift in Sources */ = {isa = PBXBuildFile; fileRef = 94DFF4092ADDA51200B40EBA /* SceneDelegate.swift */; };
		94DFF40C2ADDA51200B40EBA /* ViewController.swift in Sources */ = {isa = PBXBuildFile; fileRef = 94DFF40B2ADDA51200B40EBA /* ViewController.swift */; };
		94DFF40F2ADDA51200B40EBA /* Main.storyboard in Resources */ = {isa = PBXBuildFile; fileRef = 94DFF40D2ADDA51200B40EBA /* Main.storyboard */; };
		94DFF4112ADDA51300B40EBA /* Assets.xcassets in Resources */ = {isa = PBXBuildFile; fileRef = 94DFF4102ADDA51300B40EBA /* Assets.xcassets */; };
		94DFF4142ADDA51300B40EBA /* LaunchScreen.storyboard in Resources */ = {isa = PBXBuildFile; fileRef = 94DFF4122ADDA51300B40EBA /* LaunchScreen.storyboard */; };
		94DFF41F2ADDA51400B40EBA /* counterTests.swift in Sources */ = {isa = PBXBuildFile; fileRef = 94DFF41E2ADDA51400B40EBA /* counterTests.swift */; };
		94DFF4292ADDA51400B40EBA /* counterUITests.swift in Sources */ = {isa = PBXBuildFile; fileRef = 94DFF4282ADDA51400B40EBA /* counterUITests.swift */; };
		94DFF42B2ADDA51400B40EBA /* counterUITestsLaunchTests.swift in Sources */ = {isa = PBXBuildFile; fileRef = 94DFF42A2ADDA51400B40EBA /* counterUITestsLaunchTests.swift */; };
/* End PBXBuildFile section */

/* Begin PBXContainerItemProxy section */
		94DFF41B2ADDA51400B40EBA /* PBXContainerItemProxy */ = {
			isa = PBXContainerItemProxy;
			containerPortal = 94DFF3FC2ADDA51200B40EBA /* Project object */;
			proxyType = 1;
			remoteGlobalIDString = 94DFF4032ADDA51200B40EBA;
			remoteInfo = counter;
		};
		94DFF4252ADDA51400B40EBA /* PBXContainerItemProxy */ = {
			isa = PBXContainerItemProxy;
			containerPortal = 94DFF3FC2ADDA51200B40EBA /* Project object */;
			proxyType = 1;
			remoteGlobalIDString = 94DFF4032ADDA51200B40EBA;
			remoteInfo = counter;
		};
/* End PBXContainerItemProxy section */

/* Begin PBXFileReference section */
		94DFF4042ADDA51200B40EBA /* counter.app */ = {isa = PBXFileReference; explicitFileType = wrapper.application; includeInIndex = 0; path = counter.app; sourceTree = BUILT_PRODUCTS_DIR; };
		94DFF4072ADDA51200B40EBA /* AppDelegate.swift */ = {isa = PBXFileReference; lastKnownFileType = sourcecode.swift; path = AppDelegate.swift; sourceTree = "<group>"; };
		94DFF4092ADDA51200B40EBA /* SceneDelegate.swift */ = {isa = PBXFileReference; lastKnownFileType = sourcecode.swift; path = SceneDelegate.swift; sourceTree = "<group>"; };
		94DFF40B2ADDA51200B40EBA /* ViewController.swift */ = {isa = PBXFileReference; lastKnownFileType = sourcecode.swift; path = ViewController.swift; sourceTree = "<group>"; };
		94DFF40E2ADDA51200B40EBA /* Base */ = {isa = PBXFileReference; lastKnownFileType = file.storyboard; name = Base; path = Base.lproj/Main.storyboard; sourceTree = "<group>"; };
		94DFF4102ADDA51300B40EBA /* Assets.xcassets */ = {isa = PBXFileReference; lastKnownFileType = folder.assetcatalog; path = Assets.xcassets; sourceTree = "<group>"; };
		94DFF4132ADDA51300B40EBA /* Base */ = {isa = PBXFileReference; lastKnownFileType = file.storyboard; name = Base; path = Base.lproj/LaunchScreen.storyboard; sourceTree = "<group>"; };
		94DFF4152ADDA51300B40EBA /* Info.plist */ = {isa = PBXFileReference; lastKnownFileType = text.plist.xml; path = Info.plist; sourceTree = "<group>"; };
		94DFF41A2ADDA51400B40EBA /* counterTests.xctest */ = {isa = PBXFileReference; explicitFileType = wrapper.cfbundle; includeInIndex = 0; path = counterTests.xctest; sourceTree = BUILT_PRODUCTS_DIR; };
		94DFF41E2ADDA51400B40EBA /* counterTests.swift */ = {isa = PBXFileReference; lastKnownFileType = sourcecode.swift; path = counterTests.swift; sourceTree = "<group>"; };
		94DFF4242ADDA51400B40EBA /* counterUITests.xctest */ = {isa = PBXFileReference; explicitFileType = wrapper.cfbundle; includeInIndex = 0; path = counterUITests.xctest; sourceTree = BUILT_PRODUCTS_DIR; };
		94DFF4282ADDA51400B40EBA /* counterUITests.swift */ = {isa = PBXFileReference; lastKnownFileType = sourcecode.swift; path = counterUITests.swift; sourceTree = "<group>"; };
		94DFF42A2ADDA51400B40EBA /* counterUITestsLaunchTests.swift */ = {isa = PBXFileReference; lastKnownFileType = sourcecode.swift; path = counterUITestsLaunchTests.swift; sourceTree = "<group>"; };
/* End PBXFileReference section */

/* Begin PBXFrameworksBuildPhase section */
		94DFF4012ADDA51200B40EBA /* Frameworks */ = {
			isa = PBXFrameworksBuildPhase;
			buildActionMask = 2147483647;
			files = (
			);
			runOnlyForDeploymentPostprocessing = 0;
		};
		94DFF4172ADDA51400B40EBA /* Frameworks */ = {
			isa = PBXFrameworksBuildPhase;
			buildActionMask = 2147483647;
			files = (
			);
			runOnlyForDeploymentPostprocessing = 0;
		};
		94DFF4212ADDA51400B40EBA /* Frameworks */ = {
			isa = PBXFrameworksBuildPhase;
			buildActionMask = 2147483647;
			files = (
			);
			runOnlyForDeploymentPostprocessing = 0;
		};
/* End PBXFrameworksBuildPhase section */

/* Begin PBXGroup section */
		94DFF3FB2ADDA51200B40EBA = {
			isa = PBXGroup;
			children = (
				94DFF4062ADDA51200B40EBA /* counter */,
				94DFF41D2ADDA51400B40EBA /* counterTests */,
				94DFF4272ADDA51400B40EBA /* counterUITests */,
				94DFF4052ADDA51200B40EBA /* Products */,
			);
			sourceTree = "<group>";
		};
		94DFF4052ADDA51200B40EBA /* Products */ = {
			isa = PBXGroup;
			children = (
				94DFF4042ADDA51200B40EBA /* counter.app */,
				94DFF41A2ADDA51400B40EBA /* counterTests.xctest */,
				94DFF4242ADDA51400B40EBA /* counterUITests.xctest */,
			);
			name = Products;
			sourceTree = "<group>";
		};
		94DFF4062ADDA51200B40EBA /* counter */ = {
			isa = PBXGroup;
			children = (
				94DFF4072ADDA51200B40EBA /* AppDelegate.swift */,
				94DFF4092ADDA51200B40EBA /* SceneDelegate.swift */,
				94DFF40B2ADDA51200B40EBA /* ViewController.swift */,
				94DFF40D2ADDA51200B40EBA /* Main.storyboard */,
				94DFF4102ADDA51300B40EBA /* Assets.xcassets */,
				94DFF4122ADDA51300B40EBA /* LaunchScreen.storyboard */,
				94DFF4152ADDA51300B40EBA /* Info.plist */,
			);
			path = counter;
			sourceTree = "<group>";
		};
		94DFF41D2ADDA51400B40EBA /* counterTests */ = {
			isa = PBXGroup;
			children = (
				94DFF41E2ADDA51400B40EBA /* counterTests.swift */,
			);
			path = counterTests;
			sourceTree = "<group>";
		};
		94DFF4272ADDA51400B40EBA /* counterUITests */ = {
			isa = PBXGroup;
			children = (
				94DFF4282ADDA51400B40EBA /* counterUITests.swift */,
				94DFF42A2ADDA51400B40EBA /* counterUITestsLaunchTests.swift */,
			);
			path = counterUITests;
			sourceTree = "<group>";
		};
/* End PBXGroup section */

/* Begin PBXNativeTarget section */
		94DFF4032ADDA51200B40EBA /* counter */ = {
			isa = PBXNativeTarget;
			buildConfigurationList = 94DFF42E2ADDA51400B40EBA /* Build configuration list for PBXNativeTarget "counter" */;
			buildPhases = (
				94DFF4002ADDA51200B40EBA /* Sources */,
				94DFF4012ADDA51200B40EBA /* Frameworks */,
				94DFF4022ADDA51200B40EBA /* Resources */,
			);
			buildRules = (
			);
			dependencies = (
			);
			name = counter;
			productName = counter;
			productReference = 94DFF4042ADDA51200B40EBA /* counter.app */;
			productType = "com.apple.product-type.application";
		};
		94DFF4192ADDA51400B40EBA /* counterTests */ = {
			isa = PBXNativeTarget;
			buildConfigurationList = 94DFF4312ADDA51400B40EBA /* Build configuration list for PBXNativeTarget "counterTests" */;
			buildPhases = (
				94DFF4162ADDA51400B40EBA /* Sources */,
				94DFF4172ADDA51400B40EBA /* Frameworks */,
				94DFF4182ADDA51400B40EBA /* Resources */,
			);
			buildRules = (
			);
			dependencies = (
				94DFF41C2ADDA51400B40EBA /* PBXTargetDependency */,
			);
			name = counterTests;
			productName = counterTests;
			productReference = 94DFF41A2ADDA51400B40EBA /* counterTests.xctest */;
			productType = "com.apple.product-type.bundle.unit-test";
		};
		94DFF4232ADDA51400B40EBA /* counterUITests */ = {
			isa = PBXNativeTarget;
			buildConfigurationList = 94DFF4342ADDA51400B40EBA /* Build configuration list for PBXNativeTarget "counterUITests" */;
			buildPhases = (
				94DFF4202ADDA51400B40EBA /* Sources */,
				94DFF4212ADDA51400B40EBA /* Frameworks */,
				94DFF4222ADDA51400B40EBA /* Resources */,
			);
			buildRules = (
			);
			dependencies = (
				94DFF4262ADDA51400B40EBA /* PBXTargetDependency */,
			);
			name = counterUITests;
			productName = counterUITests;
			productReference = 94DFF4242ADDA51400B40EBA /* counterUITests.xctest */;
			productType = "com.apple.product-type.bundle.ui-testing";
		};
/* End PBXNativeTarget section */

/* Begin PBXProject section */
		94DFF3FC2ADDA51200B40EBA /* Project object */ = {
			isa = PBXProject;
			attributes = {
				BuildIndependentTargetsInParallel = 1;
				LastSwiftUpdateCheck = 1430;
				LastUpgradeCheck = 1430;
				TargetAttributes = {
					94DFF4032ADDA51200B40EBA = {
						CreatedOnToolsVersion = 14.3.1;
					};
					94DFF4192ADDA51400B40EBA = {
						CreatedOnToolsVersion = 14.3.1;
						TestTargetID = 94DFF4032ADDA51200B40EBA;
					};
					94DFF4232ADDA51400B40EBA = {
						CreatedOnToolsVersion = 14.3.1;
						TestTargetID = 94DFF4032ADDA51200B40EBA;
					};
				};
			};
			buildConfigurationList = 94DFF3FF2ADDA51200B40EBA /* Build configuration list for PBXProject "counter" */;
			compatibilityVersion = "Xcode 14.0";
			developmentRegion = en;
			hasScannedForEncodings = 0;
			knownRegions = (
				en,
				Base,
			);
			mainGroup = 94DFF3FB2ADDA51200B40EBA;
			productRefGroup = 94DFF4052ADDA51200B40EBA /* Products */;
			projectDirPath = "";
			projectRoot = "";
			targets = (
				94DFF4032ADDA51200B40EBA /* counter */,
				94DFF4192ADDA51400B40EBA /* counterTests */,
				94DFF4232ADDA51400B40EBA /* counterUITests */,
			);
		};
/* End PBXProject section */

/* Begin PBXResourcesBuildPhase section */
		94DFF4022ADDA51200B40EBA /* Resources */ = {
			isa = PBXResourcesBuildPhase;
			buildActionMask = 2147483647;
			files = (
				94DFF4142ADDA51300B40EBA /* LaunchScreen.storyboard in Resources */,
				94DFF4112ADDA51300B40EBA /* Assets.xcassets in Resources */,
				94DFF40F2ADDA51200B40EBA /* Main.storyboard in Resources */,
			);
			runOnlyForDeploymentPostprocessing = 0;
		};
		94DFF4182ADDA51400B40EBA /* Resources */ = {
			isa = PBXResourcesBuildPhase;
			buildActionMask = 2147483647;
			files = (
			);
			runOnlyForDeploymentPostprocessing = 0;
		};
		94DFF4222ADDA51400B40EBA /* Resources */ = {
			isa = PBXResourcesBuildPhase;
			buildActionMask = 2147483647;
			files = (
			);
			runOnlyForDeploymentPostprocessing = 0;
		};
/* End PBXResourcesBuildPhase section */

/* Begin PBXSourcesBuildPhase section */
		94DFF4002ADDA51200B40EBA /* Sources */ = {
			isa = PBXSourcesBuildPhase;
			buildActionMask = 2147483647;
			files = (
				94DFF40C2ADDA51200B40EBA /* ViewController.swift in Sources */,
				94DFF4082ADDA51200B40EBA /* AppDelegate.swift in Sources */,
				94DFF40A2ADDA51200B40EBA /* SceneDelegate.swift in Sources */,
			);
			runOnlyForDeploymentPostprocessing = 0;
		};
		94DFF4162ADDA51400B40EBA /* Sources */ = {
			isa = PBXSourcesBuildPhase;
			buildActionMask = 2147483647;
			files = (
				94DFF41F2ADDA51400B40EBA /* counterTests.swift in Sources */,
			);
			runOnlyForDeploymentPostprocessing = 0;
		};
		94DFF4202ADDA51400B40EBA /* Sources */ = {
			isa = PBXSourcesBuildPhase;
			buildActionMask = 2147483647;
			files = (
				94DFF4292ADDA51400B40EBA /* counterUITests.swift in Sources */,
				94DFF42B2ADDA51400B40EBA /* counterUITestsLaunchTests.swift in Sources */,
			);
			runOnlyForDeploymentPostprocessing = 0;
		};
/* End PBXSourcesBuildPhase section */

/* Begin PBXTargetDependency section */
		94DFF41C2ADDA51400B40EBA /* PBXTargetDependency */ = {
			isa = PBXTargetDependency;
			target = 94DFF4032ADDA51200B40EBA /* counter */;
			targetProxy = 94DFF41B2ADDA51400B40EBA /* PBXContainerItemProxy */;
		};
		94DFF4262ADDA51400B40EBA /* PBXTargetDependency */ = {
			isa = PBXTargetDependency;
			target = 94DFF4032ADDA51200B40EBA /* counter */;
			targetProxy = 94DFF4252ADDA51400B40EBA /* PBXContainerItemProxy */;
		};
/* End PBXTargetDependency section */

/* Begin PBXVariantGroup section */
		94DFF40D2ADDA51200B40EBA /* Main.storyboard */ = {
			isa = PBXVariantGroup;
			children = (
				94DFF40E2ADDA51200B40EBA /* Base */,
			);
			name = Main.storyboard;
			sourceTree = "<group>";
		};
		94DFF4122ADDA51300B40EBA /* LaunchScreen.storyboard */ = {
			isa = PBXVariantGroup;
			children = (
				94DFF4132ADDA51300B40EBA /* Base */,
			);
			name = LaunchScreen.storyboard;
			sourceTree = "<group>";
		};
/* End PBXVariantGroup section */

/* Begin XCBuildConfiguration section */
		94DFF42C2ADDA51400B40EBA /* Debug */ = {
			isa = XCBuildConfiguration;
			buildSettings = {
				ALWAYS_SEARCH_USER_PATHS = NO;
				CLANG_ANALYZER_NONNULL = YES;
				CLANG_ANALYZER_NUMBER_OBJECT_CONVERSION = YES_AGGRESSIVE;
				CLANG_CXX_LANGUAGE_STANDARD = "gnu++20";
				CLANG_ENABLE_MODULES = YES;
				CLANG_ENABLE_OBJC_ARC = YES;
				CLANG_ENABLE_OBJC_WEAK = YES;
				CLANG_WARN_BLOCK_CAPTURE_AUTORELEASING = YES;
				CLANG_WARN_BOOL_CONVERSION = YES;
				CLANG_WARN_COMMA = YES;
				CLANG_WARN_CONSTANT_CONVERSION = YES;
				CLANG_WARN_DEPRECATED_OBJC_IMPLEMENTATIONS = YES;
				CLANG_WARN_DIRECT_OBJC_ISA_USAGE = YES_ERROR;
				CLANG_WARN_DOCUMENTATION_COMMENTS = YES;
				CLANG_WARN_EMPTY_BODY = YES;
				CLANG_WARN_ENUM_CONVERSION = YES;
				CLANG_WARN_INFINITE_RECURSION = YES;
				CLANG_WARN_INT_CONVERSION = YES;
				CLANG_WARN_NON_LITERAL_NULL_CONVERSION = YES;
				CLANG_WARN_OBJC_IMPLICIT_RETAIN_SELF = YES;
				CLANG_WARN_OBJC_LITERAL_CONVERSION = YES;
				CLANG_WARN_OBJC_ROOT_CLASS = YES_ERROR;
				CLANG_WARN_QUOTED_INCLUDE_IN_FRAMEWORK_HEADER = YES;
				CLANG_WARN_RANGE_LOOP_ANALYSIS = YES;
				CLANG_WARN_STRICT_PROTOTYPES = YES;
				CLANG_WARN_SUSPICIOUS_MOVE = YES;
				CLANG_WARN_UNGUARDED_AVAILABILITY = YES_AGGRESSIVE;
				CLANG_WARN_UNREACHABLE_CODE = YES;
				CLANG_WARN__DUPLICATE_METHOD_MATCH = YES;
				COPY_PHASE_STRIP = NO;
				DEBUG_INFORMATION_FORMAT = dwarf;
				ENABLE_STRICT_OBJC_MSGSEND = YES;
				ENABLE_TESTABILITY = YES;
				GCC_C_LANGUAGE_STANDARD = gnu11;
				GCC_DYNAMIC_NO_PIC = NO;
				GCC_NO_COMMON_BLOCKS = YES;
				GCC_OPTIMIZATION_LEVEL = 0;
				GCC_PREPROCESSOR_DEFINITIONS = (
					"DEBUG=1",
					"$(inherited)",
				);
				GCC_WARN_64_TO_32_BIT_CONVERSION = YES;
				GCC_WARN_ABOUT_RETURN_TYPE = YES_ERROR;
				GCC_WARN_UNDECLARED_SELECTOR = YES;
				GCC_WARN_UNINITIALIZED_AUTOS = YES_AGGRESSIVE;
				GCC_WARN_UNUSED_FUNCTION = YES;
				GCC_WARN_UNUSED_VARIABLE = YES;
				IPHONEOS_DEPLOYMENT_TARGET = 16.4;
				MTL_ENABLE_DEBUG_INFO = INCLUDE_SOURCE;
				MTL_FAST_MATH = YES;
				ONLY_ACTIVE_ARCH = YES;
				SDKROOT = iphoneos;
				SWIFT_ACTIVE_COMPILATION_CONDITIONS = DEBUG;
				SWIFT_OPTIMIZATION_LEVEL = "-Onone";
			};
			name = Debug;
		};
		94DFF42D2ADDA51400B40EBA /* Release */ = {
			isa = XCBuildConfiguration;
			buildSettings = {
				ALWAYS_SEARCH_USER_PATHS = NO;
				CLANG_ANALYZER_NONNULL = YES;
				CLANG_ANALYZER_NUMBER_OBJECT_CONVERSION = YES_AGGRESSIVE;
				CLANG_CXX_LANGUAGE_STANDARD = "gnu++20";
				CLANG_ENABLE_MODULES = YES;
				CLANG_ENABLE_OBJC_ARC = YES;
				CLANG_ENABLE_OBJC_WEAK = YES;
				CLANG_WARN_BLOCK_CAPTURE_AUTORELEASING = YES;
				CLANG_WARN_BOOL_CONVERSION = YES;
				CLANG_WARN_COMMA = YES;
				CLANG_WARN_CONSTANT_CONVERSION = YES;
				CLANG_WARN_DEPRECATED_OBJC_IMPLEMENTATIONS = YES;
				CLANG_WARN_DIRECT_OBJC_ISA_USAGE = YES_ERROR;
				CLANG_WARN_DOCUMENTATION_COMMENTS = YES;
				CLANG_WARN_EMPTY_BODY = YES;
				CLANG_WARN_ENUM_CONVERSION = YES;
				CLANG_WARN_INFINITE_RECURSION = YES;
				CLANG_WARN_INT_CONVERSION = YES;
				CLANG_WARN_NON_LITERAL_NULL_CONVERSION = YES;
				CLANG_WARN_OBJC_IMPLICIT_RETAIN_SELF = YES;
				CLANG_WARN_OBJC_LITERAL_CONVERSION = YES;
				CLANG_WARN_OBJC_ROOT_CLASS = YES_ERROR;
				CLANG_WARN_QUOTED_INCLUDE_IN_FRAMEWORK_HEADER = YES;
				CLANG_WARN_RANGE_LOOP_ANALYSIS = YES;
				CLANG_WARN_STRICT_PROTOTYPES = YES;
				CLANG_WARN_SUSPICIOUS_MOVE = YES;
				CLANG_WARN_UNGUARDED_AVAILABILITY = YES_AGGRESSIVE;
				CLANG_WARN_UNREACHABLE_CODE = YES;
				CLANG_WARN__DUPLICATE_METHOD_MATCH = YES;
				COPY_PHASE_STRIP = NO;
				DEBUG_INFORMATION_FORMAT = "dwarf-with-dsym";
				ENABLE_NS_ASSERTIONS = NO;
				ENABLE_STRICT_OBJC_MSGSEND = YES;
				GCC_C_LANGUAGE_STANDARD = gnu11;
				GCC_NO_COMMON_BLOCKS = YES;
				GCC_WARN_64_TO_32_BIT_CONVERSION = YES;
				GCC_WARN_ABOUT_RETURN_TYPE = YES_ERROR;
				GCC_WARN_UNDECLARED_SELECTOR = YES;
				GCC_WARN_UNINITIALIZED_AUTOS = YES_AGGRESSIVE;
				GCC_WARN_UNUSED_FUNCTION = YES;
				GCC_WARN_UNUSED_VARIABLE = YES;
				IPHONEOS_DEPLOYMENT_TARGET = 16.4;
				MTL_ENABLE_DEBUG_INFO = NO;
				MTL_FAST_MATH = YES;
				SDKROOT = iphoneos;
				SWIFT_COMPILATION_MODE = wholemodule;
				SWIFT_OPTIMIZATION_LEVEL = "-O";
				VALIDATE_PRODUCT = YES;
			};
			name = Release;
		};
		94DFF42F2ADDA51400B40EBA /* Debug */ = {
			isa = XCBuildConfiguration;
			buildSettings = {
				ASSETCATALOG_COMPILER_APPICON_NAME = AppIcon;
				ASSETCATALOG_COMPILER_GLOBAL_ACCENT_COLOR_NAME = AccentColor;
				CODE_SIGN_STYLE = Automatic;
				CURRENT_PROJECT_VERSION = 1;
				GENERATE_INFOPLIST_FILE = YES;
				INFOPLIST_FILE = counter/Info.plist;
				INFOPLIST_KEY_UIApplicationSupportsIndirectInputEvents = YES;
				INFOPLIST_KEY_UILaunchStoryboardName = LaunchScreen;
				INFOPLIST_KEY_UIMainStoryboardFile = Main;
				INFOPLIST_KEY_UISupportedInterfaceOrientations_iPad = "UIInterfaceOrientationPortrait UIInterfaceOrientationPortraitUpsideDown UIInterfaceOrientationLandscapeLeft UIInterfaceOrientationLandscapeRight";
				INFOPLIST_KEY_UISupportedInterfaceOrientations_iPhone = "UIInterfaceOrientationPortrait UIInterfaceOrientationLandscapeLeft UIInterfaceOrientationLandscapeRight";
				LD_RUNPATH_SEARCH_PATHS = (
					"$(inherited)",
					"@executable_path/Frameworks",
				);
				MARKETING_VERSION = 1.0;
				PRODUCT_BUNDLE_IDENTIFIER = woopss.counter;
				PRODUCT_NAME = "$(TARGET_NAME)";
				SWIFT_EMIT_LOC_STRINGS = YES;
				SWIFT_VERSION = 5.0;
				TARGETED_DEVICE_FAMILY = "1,2";
			};
			name = Debug;
		};
		94DFF4302ADDA51400B40EBA /* Release */ = {
			isa = XCBuildConfiguration;
			buildSettings = {
				ASSETCATALOG_COMPILER_APPICON_NAME = AppIcon;
				ASSETCATALOG_COMPILER_GLOBAL_ACCENT_COLOR_NAME = AccentColor;
				CODE_SIGN_STYLE = Automatic;
				CURRENT_PROJECT_VERSION = 1;
				GENERATE_INFOPLIST_FILE = YES;
				INFOPLIST_FILE = counter/Info.plist;
				INFOPLIST_KEY_UIApplicationSupportsIndirectInputEvents = YES;
				INFOPLIST_KEY_UILaunchStoryboardName = LaunchScreen;
				INFOPLIST_KEY_UIMainStoryboardFile = Main;
				INFOPLIST_KEY_UISupportedInterfaceOrientations_iPad = "UIInterfaceOrientationPortrait UIInterfaceOrientationPortraitUpsideDown UIInterfaceOrientationLandscapeLeft UIInterfaceOrientationLandscapeRight";
				INFOPLIST_KEY_UISupportedInterfaceOrientations_iPhone = "UIInterfaceOrientationPortrait UIInterfaceOrientationLandscapeLeft UIInterfaceOrientationLandscapeRight";
				LD_RUNPATH_SEARCH_PATHS = (
					"$(inherited)",
					"@executable_path/Frameworks",
				);
				MARKETING_VERSION = 1.0;
				PRODUCT_BUNDLE_IDENTIFIER = woopss.counter;
				PRODUCT_NAME = "$(TARGET_NAME)";
				SWIFT_EMIT_LOC_STRINGS = YES;
				SWIFT_VERSION = 5.0;
				TARGETED_DEVICE_FAMILY = "1,2";
			};
			name = Release;
		};
		94DFF4322ADDA51400B40EBA /* Debug */ = {
			isa = XCBuildConfiguration;
			buildSettings = {
				ALWAYS_EMBED_SWIFT_STANDARD_LIBRARIES = YES;
				BUNDLE_LOADER = "$(TEST_HOST)";
				CODE_SIGN_STYLE = Automatic;
				CURRENT_PROJECT_VERSION = 1;
				GENERATE_INFOPLIST_FILE = YES;
				IPHONEOS_DEPLOYMENT_TARGET = 16.4;
				MARKETING_VERSION = 1.0;
				PRODUCT_BUNDLE_IDENTIFIER = woopss.counterTests;
				PRODUCT_NAME = "$(TARGET_NAME)";
				SWIFT_EMIT_LOC_STRINGS = NO;
				SWIFT_VERSION = 5.0;
				TARGETED_DEVICE_FAMILY = "1,2";
				TEST_HOST = "$(BUILT_PRODUCTS_DIR)/counter.app/$(BUNDLE_EXECUTABLE_FOLDER_PATH)/counter";
			};
			name = Debug;
		};
		94DFF4332ADDA51400B40EBA /* Release */ = {
			isa = XCBuildConfiguration;
			buildSettings = {
				ALWAYS_EMBED_SWIFT_STANDARD_LIBRARIES = YES;
				BUNDLE_LOADER = "$(TEST_HOST)";
				CODE_SIGN_STYLE = Automatic;
				CURRENT_PROJECT_VERSION = 1;
				GENERATE_INFOPLIST_FILE = YES;
				IPHONEOS_DEPLOYMENT_TARGET = 16.4;
				MARKETING_VERSION = 1.0;
				PRODUCT_BUNDLE_IDENTIFIER = woopss.counterTests;
				PRODUCT_NAME = "$(TARGET_NAME)";
				SWIFT_EMIT_LOC_STRINGS = NO;
				SWIFT_VERSION = 5.0;
				TARGETED_DEVICE_FAMILY = "1,2";
				TEST_HOST = "$(BUILT_PRODUCTS_DIR)/counter.app/$(BUNDLE_EXECUTABLE_FOLDER_PATH)/counter";
			};
			name = Release;
		};
		94DFF4352ADDA51400B40EBA /* Debug */ = {
			isa = XCBuildConfiguration;
			buildSettings = {
				ALWAYS_EMBED_SWIFT_STANDARD_LIBRARIES = YES;
				CODE_SIGN_STYLE = Automatic;
				CURRENT_PROJECT_VERSION = 1;
				GENERATE_INFOPLIST_FILE = YES;
				MARKETING_VERSION = 1.0;
				PRODUCT_BUNDLE_IDENTIFIER = woopss.counterUITests;
				PRODUCT_NAME = "$(TARGET_NAME)";
				SWIFT_EMIT_LOC_STRINGS = NO;
				SWIFT_VERSION = 5.0;
				TARGETED_DEVICE_FAMILY = "1,2";
				TEST_TARGET_NAME = counter;
			};
			name = Debug;
		};
		94DFF4362ADDA51400B40EBA /* Release */ = {
			isa = XCBuildConfiguration;
			buildSettings = {
				ALWAYS_EMBED_SWIFT_STANDARD_LIBRARIES = YES;
				CODE_SIGN_STYLE = Automatic;
				CURRENT_PROJECT_VERSION = 1;
				GENERATE_INFOPLIST_FILE = YES;
				MARKETING_VERSION = 1.0;
				PRODUCT_BUNDLE_IDENTIFIER = woopss.counterUITests;
				PRODUCT_NAME = "$(TARGET_NAME)";
				SWIFT_EMIT_LOC_STRINGS = NO;
				SWIFT_VERSION = 5.0;
				TARGETED_DEVICE_FAMILY = "1,2";
				TEST_TARGET_NAME = counter;
			};
			name = Release;
		};
/* End XCBuildConfiguration section */

/* Begin XCConfigurationList section */
		94DFF3FF2ADDA51200B40EBA /* Build configuration list for PBXProject "counter" */ = {
			isa = XCConfigurationList;
			buildConfigurations = (
				94DFF42C2ADDA51400B40EBA /* Debug */,
				94DFF42D2ADDA51400B40EBA /* Release */,
			);
			defaultConfigurationIsVisible = 0;
			defaultConfigurationName = Release;
		};
		94DFF42E2ADDA51400B40EBA /* Build configuration list for PBXNativeTarget "counter" */ = {
			isa = XCConfigurationList;
			buildConfigurations = (
				94DFF42F2ADDA51400B40EBA /* Debug */,
				94DFF4302ADDA51400B40EBA /* Release */,
			);
			defaultConfigurationIsVisible = 0;
			defaultConfigurationName = Release;
		};
		94DFF4312ADDA51400B40EBA /* Build configuration list for PBXNativeTarget "counterTests" */ = {
			isa = XCConfigurationList;
			buildConfigurations = (
				94DFF4322ADDA51400B40EBA /* Debug */,
				94DFF4332ADDA51400B40EBA /* Release */,
			);
			defaultConfigurationIsVisible = 0;
			defaultConfigurationName = Release;
		};
		94DFF4342ADDA51400B40EBA /* Build configuration list for PBXNativeTarget "counterUITests" */ = {
			isa = XCConfigurationList;
			buildConfigurations = (
				94DFF4352ADDA51400B40EBA /* Debug */,
				94DFF4362ADDA51400B40EBA /* Release */,
			);
			defaultConfigurationIsVisible = 0;
			defaultConfigurationName = Release;
		};
/* End XCConfigurationList section */
	};
	rootObject = 94DFF3FC2ADDA51200B40EBA /* Project object */;
}
